
Microsoft Visual Studio Solution File, Format Version 12.00
# Visual Studio 14
VisualStudioVersion = 14.0.24720.0
MinimumVisualStudioVersion = 10.0.40219.1
Project("{FAE04EC0-301F-11D3-BF4B-00C04F79EFBC}") = "FacebookAppTeste.Droid", "FacebookAppTeste\FacebookAppTeste.Droid\FacebookAppTeste.Droid.csproj", "{51DE23B0-238C-409D-A327-AE525452D8DA}"
EndProject
Project("{FAE04EC0-301F-11D3-BF4B-00C04F79EFBC}") = "FacebookAppTeste.iOS", "FacebookAppTeste\FacebookAppTeste.iOS\FacebookAppTeste.iOS.csproj", "{BECC36B3-AB25-4A23-AD23-0A9BF03CA7A6}"
EndProject
Project("{FAE04EC0-301F-11D3-BF4B-00C04F79EFBC}") = "FacebookAppTeste", "FacebookAppTeste\FacebookAppTeste\FacebookAppTeste.csproj", "{16E06F9E-2F56-46D8-8A87-FA25A7A65CC3}"
EndProject
Global
	GlobalSection(SolutionConfigurationPlatforms) = preSolution
		Ad-Hoc|Any CPU = Ad-Hoc|Any CPU
		Ad-Hoc|iPhone = Ad-Hoc|iPhone
		Ad-Hoc|iPhoneSimulator = Ad-Hoc|iPhoneSimulator
		AppStore|Any CPU = AppStore|Any CPU
		AppStore|iPhone = AppStore|iPhone
		AppStore|iPhoneSimulator = AppStore|iPhoneSimulator
		Debug|Any CPU = Debug|Any CPU
		Debug|iPhone = Debug|iPhone
		Debug|iPhoneSimulator = Debug|iPhoneSimulator
		Release|Any CPU = Release|Any CPU
		Release|iPhone = Release|iPhone
		Release|iPhoneSimulator = Release|iPhoneSimulator
	EndGlobalSection
	GlobalSection(ProjectConfigurationPlatforms) = postSolution
		{51DE23B0-238C-409D-A327-AE525452D8DA}.Ad-Hoc|Any CPU.ActiveCfg = Release|Any CPU
		{51DE23B0-238C-409D-A327-AE525452D8DA}.Ad-Hoc|Any CPU.Build.0 = Release|Any CPU
		{51DE23B0-238C-409D-A327-AE525452D8DA}.Ad-Hoc|Any CPU.Deploy.0 = Release|Any CPU
		{51DE23B0-238C-409D-A327-AE525452D8DA}.Ad-Hoc|iPhone.ActiveCfg = Release|Any CPU
		{51DE23B0-238C-409D-A327-AE525452D8DA}.Ad-Hoc|iPhone.Build.0 = Release|Any CPU
		{51DE23B0-238C-409D-A327-AE525452D8DA}.Ad-Hoc|iPhone.Deploy.0 = Release|Any CPU
		{51DE23B0-238C-409D-A327-AE525452D8DA}.Ad-Hoc|iPhoneSimulator.ActiveCfg = Release|Any CPU
		{51DE23B0-238C-409D-A327-AE525452D8DA}.Ad-Hoc|iPhoneSimulator.Build.0 = Release|Any CPU
		{51DE23B0-238C-409D-A327-AE525452D8DA}.Ad-Hoc|iPhoneSimulator.Deploy.0 = Release|Any CPU
		{51DE23B0-238C-409D-A327-AE525452D8DA}.AppStore|Any CPU.ActiveCfg = Release|Any CPU
		{51DE23B0-238C-409D-A327-AE525452D8DA}.AppStore|Any CPU.Build.0 = Release|Any CPU
		{51DE23B0-238C-409D-A327-AE525452D8DA}.AppStore|Any CPU.Deploy.0 = Release|Any CPU
		{51DE23B0-238C-409D-A327-AE525452D8DA}.AppStore|iPhone.ActiveCfg = Release|Any CPU
		{51DE23B0-238C-409D-A327-AE525452D8DA}.AppStore|iPhone.Build.0 = Release|Any CPU
		{51DE23B0-238C-409D-A327-AE525452D8DA}.AppStore|iPhone.Deploy.0 = Release|Any CPU
		{51DE23B0-238C-409D-A327-AE525452D8DA}.AppStore|iPhoneSimulator.ActiveCfg = Release|Any CPU
		{51DE23B0-238C-409D-A327-AE525452D8DA}.AppStore|iPhoneSimulator.Build.0 = Release|Any CPU
		{51DE23B0-238C-409D-A327-AE525452D8DA}.AppStore|iPhoneSimulator.Deploy.0 = Release|Any CPU
		{51DE23B0-238C-409D-A327-AE525452D8DA}.Debug|Any CPU.ActiveCfg = Debug|Any CPU
		{51DE23B0-238C-409D-A327-AE525452D8DA}.Debug|Any CPU.Build.0 = Debug|Any CPU
		{51DE23B0-238C-409D-A327-AE525452D8DA}.Debug|Any CPU.Deploy.0 = Debug|Any CPU
		{51DE23B0-238C-409D-A327-AE525452D8DA}.Debug|iPhone.ActiveCfg = Debug|Any CPU
		{51DE23B0-238C-409D-A327-AE525452D8DA}.Debug|iPhone.Build.0 = Debug|Any CPU
		{51DE23B0-238C-409D-A327-AE525452D8DA}.Debug|iPhone.Deploy.0 = Debug|Any CPU
		{51DE23B0-238C-409D-A327-AE525452D8DA}.Debug|iPhoneSimulator.ActiveCfg = Debug|Any CPU
		{51DE23B0-238C-409D-A327-AE525452D8DA}.Debug|iPhoneSimulator.Build.0 = Debug|Any CPU
		{51DE23B0-238C-409D-A327-AE525452D8DA}.Debug|iPhoneSimulator.Deploy.0 = Debug|Any CPU
		{51DE23B0-238C-409D-A327-AE525452D8DA}.Release|Any CPU.ActiveCfg = Release|Any CPU
		{51DE23B0-238C-409D-A327-AE525452D8DA}.Release|Any CPU.Build.0 = Release|Any CPU
		{51DE23B0-238C-409D-A327-AE525452D8DA}.Release|Any CPU.Deploy.0 = Release|Any CPU
		{51DE23B0-238C-409D-A327-AE525452D8DA}.Release|iPhone.ActiveCfg = Release|Any CPU
		{51DE23B0-238C-409D-A327-AE525452D8DA}.Release|iPhone.Build.0 = Release|Any CPU
		{51DE23B0-238C-409D-A327-AE525452D8DA}.Release|iPhone.Deploy.0 = Release|Any CPU
		{51DE23B0-238C-409D-A327-AE525452D8DA}.Release|iPhoneSimulator.ActiveCfg = Release|Any CPU
		{51DE23B0-238C-409D-A327-AE525452D8DA}.Release|iPhoneSimulator.Build.0 = Release|Any CPU
		{51DE23B0-238C-409D-A327-AE525452D8DA}.Release|iPhoneSimulator.Deploy.0 = Release|Any CPU
		{BECC36B3-AB25-4A23-AD23-0A9BF03CA7A6}.Ad-Hoc|Any CPU.ActiveCfg = Ad-Hoc|iPhone
		{BECC36B3-AB25-4A23-AD23-0A9BF03CA7A6}.Ad-Hoc|iPhone.ActiveCfg = Ad-Hoc|iPhone
		{BECC36B3-AB25-4A23-AD23-0A9BF03CA7A6}.Ad-Hoc|iPhone.Build.0 = Ad-Hoc|iPhone
		{BECC36B3-AB25-4A23-AD23-0A9BF03CA7A6}.Ad-Hoc|iPhoneSimulator.ActiveCfg = Ad-Hoc|iPhoneSimulator
		{BECC36B3-AB25-4A23-AD23-0A9BF03CA7A6}.Ad-Hoc|iPhoneSimulator.Build.0 = Ad-Hoc|iPhoneSimulator
		{BECC36B3-AB25-4A23-AD23-0A9BF03CA7A6}.AppStore|Any CPU.ActiveCfg = AppStore|iPhone
		{BECC36B3-AB25-4A23-AD23-0A9BF03CA7A6}.AppStore|iPhone.ActiveCfg = AppStore|iPhone
		{BECC36B3-AB25-4A23-AD23-0A9BF03CA7A6}.AppStore|iPhone.Build.0 = AppStore|iPhone
		{BECC36B3-AB25-4A23-AD23-0A9BF03CA7A6}.AppStore|iPhoneSimulator.ActiveCfg = AppStore|iPhoneSimulator
		{BECC36B3-AB25-4A23-AD23-0A9BF03CA7A6}.AppStore|iPhoneSimulator.Build.0 = AppStore|iPhoneSimulator
		{BECC36B3-AB25-4A23-AD23-0A9BF03CA7A6}.Debug|Any CPU.ActiveCfg = Debug|iPhone
		{BECC36B3-AB25-4A23-AD23-0A9BF03CA7A6}.Debug|iPhone.ActiveCfg = Debug|iPhone
		{BECC36B3-AB25-4A23-AD23-0A9BF03CA7A6}.Debug|iPhone.Build.0 = Debug|iPhone
		{BECC36B3-AB25-4A23-AD23-0A9BF03CA7A6}.Debug|iPhoneSimulator.ActiveCfg = Debug|iPhoneSimulator
		{BECC36B3-AB25-4A23-AD23-0A9BF03CA7A6}.Debug|iPhoneSimulator.Build.0 = Debug|iPhoneSimulator
		{BECC36B3-AB25-4A23-AD23-0A9BF03CA7A6}.Release|Any CPU.ActiveCfg = Release|iPhone
		{BECC36B3-AB25-4A23-AD23-0A9BF03CA7A6}.Release|iPhone.ActiveCfg = Release|iPhone
		{BECC36B3-AB25-4A23-AD23-0A9BF03CA7A6}.Release|iPhone.Build.0 = Release|iPhone
		{BECC36B3-AB25-4A23-AD23-0A9BF03CA7A6}.Release|iPhoneSimulator.ActiveCfg = Release|iPhoneSimulator
		{BECC36B3-AB25-4A23-AD23-0A9BF03CA7A6}.Release|iPhoneSimulator.Build.0 = Release|iPhoneSimulator
		{16E06F9E-2F56-46D8-8A87-FA25A7A65CC3}.Ad-Hoc|Any CPU.ActiveCfg = Release|Any CPU
		{16E06F9E-2F56-46D8-8A87-FA25A7A65CC3}.Ad-Hoc|Any CPU.Build.0 = Release|Any CPU
		{16E06F9E-2F56-46D8-8A87-FA25A7A65CC3}.Ad-Hoc|iPhone.ActiveCfg = Release|Any CPU
		{16E06F9E-2F56-46D8-8A87-FA25A7A65CC3}.Ad-Hoc|iPhone.Build.0 = Release|Any CPU
		{16E06F9E-2F56-46D8-8A87-FA25A7A65CC3}.Ad-Hoc|iPhoneSimulator.ActiveCfg = Release|Any CPU
		{16E06F9E-2F56-46D8-8A87-FA25A7A65CC3}.Ad-Hoc|iPhoneSimulator.Build.0 = Release|Any CPU
		{16E06F9E-2F56-46D8-8A87-FA25A7A65CC3}.AppStore|Any CPU.ActiveCfg = Release|Any CPU
		{16E06F9E-2F56-46D8-8A87-FA25A7A65CC3}.AppStore|Any CPU.Build.0 = Release|Any CPU
		{16E06F9E-2F56-46D8-8A87-FA25A7A65CC3}.AppStore|iPhone.ActiveCfg = Release|Any CPU
		{16E06F9E-2F56-46D8-8A87-FA25A7A65CC3}.AppStore|iPhone.Build.0 = Release|Any CPU
		{16E06F9E-2F56-46D8-8A87-FA25A7A65CC3}.AppStore|iPhoneSimulator.ActiveCfg = Release|Any CPU
		{16E06F9E-2F56-46D8-8A87-FA25A7A65CC3}.AppStore|iPhoneSimulator.Build.0 = Release|Any CPU
		{16E06F9E-2F56-46D8-8A87-FA25A7A65CC3}.Debug|Any CPU.ActiveCfg = Debug|Any CPU
		{16E06F9E-2F56-46D8-8A87-FA25A7A65CC3}.Debug|Any CPU.Build.0 = Debug|Any CPU
		{16E06F9E-2F56-46D8-8A87-FA25A7A65CC3}.Debug|iPhone.ActiveCfg = Debug|Any CPU
		{16E06F9E-2F56-46D8-8A87-FA25A7A65CC3}.Debug|iPhone.Build.0 = Debug|Any CPU
		{16E06F9E-2F56-46D8-8A87-FA25A7A65CC3}.Debug|iPhoneSimulator.ActiveCfg = Debug|Any CPU
		{16E06F9E-2F56-46D8-8A87-FA25A7A65CC3}.Debug|iPhoneSimulator.Build.0 = Debug|Any CPU
		{16E06F9E-2F56-46D8-8A87-FA25A7A65CC3}.Release|Any CPU.ActiveCfg = Release|Any CPU
		{16E06F9E-2F56-46D8-8A87-FA25A7A65CC3}.Release|Any CPU.Build.0 = Release|Any CPU
		{16E06F9E-2F56-46D8-8A87-FA25A7A65CC3}.Release|iPhone.ActiveCfg = Release|Any CPU
		{16E06F9E-2F56-46D8-8A87-FA25A7A65CC3}.Release|iPhone.Build.0 = Release|Any CPU
		{16E06F9E-2F56-46D8-8A87-FA25A7A65CC3}.Release|iPhoneSimulator.ActiveCfg = Release|Any CPU
		{16E06F9E-2F56-46D8-8A87-FA25A7A65CC3}.Release|iPhoneSimulator.Build.0 = Release|Any CPU
	EndGlobalSection
	GlobalSection(SolutionProperties) = preSolution
		HideSolutionNode = FALSE
	EndGlobalSection
EndGlobal
